
Microsoft Visual Studio Solution File, Format Version 12.00
# Visual Studio 15
VisualStudioVersion = 15.0.28307.329
MinimumVisualStudioVersion = 10.0.40219.1
Project("{FAE04EC0-301F-11D3-BF4B-00C04F79EFBC}") = "TestWindowsService", "TestWindowsService\TestWindowsService.csproj", "{43C9334D-89B1-4FB7-B2BD-8B88C334E672}"
EndProject
Global
	GlobalSection(SolutionConfigurationPlatforms) = preSolution
		Debug|Any CPU = Debug|Any CPU
		Release|Any CPU = Release|Any CPU
	EndGlobalSection
	GlobalSection(ProjectConfigurationPlatforms) = postSolution
		{43C9334D-89B1-4FB7-B2BD-8B88C334E672}.Debug|Any CPU.ActiveCfg = Debug|Any CPU
		{43C9334D-89B1-4FB7-B2BD-8B88C334E672}.Debug|Any CPU.Build.0 = Debug|Any CPU
		{43C9334D-89B1-4FB7-B2BD-8B88C334E672}.Release|Any CPU.ActiveCfg = Release|Any CPU
		{43C9334D-89B1-4FB7-B2BD-8B88C334E672}.Release|Any CPU.Build.0 = Release|Any CPU
	EndGlobalSection
	GlobalSection(SolutionProperties) = preSolution
		HideSolutionNode = FALSE
	EndGlobalSection
	GlobalSection(ExtensibilityGlobals) = postSolution
		SolutionGuid = {BE07EE43-88FA-4B45-9B07-0AE0B79DAAE1}
	EndGlobalSection
EndGlobal
